
Microsoft Visual Studio Solution File, Format Version 10.00
# Visual C++ Express 2008
Project("{8BC9CEB8-8B4A-11D0-8D11-00A0C91BC942}") = "AlgoritmoKruskal", "AlgoritmoKruskal\AlgoritmoKruskal.vcproj", "{CADC41B4-8F50-41C7-9D31-3E2B889AC75E}"
EndProject
Global
	GlobalSection(SolutionConfigurationPlatforms) = preSolution
		Debug|Win32 = Debug|Win32
		Release|Win32 = Release|Win32
	EndGlobalSection
	GlobalSection(ProjectConfigurationPlatforms) = postSolution
		{CADC41B4-8F50-41C7-9D31-3E2B889AC75E}.Debug|Win32.ActiveCfg = Debug|Win32
		{CADC41B4-8F50-41C7-9D31-3E2B889AC75E}.Debug|Win32.Build.0 = Debug|Win32
		{CADC41B4-8F50-41C7-9D31-3E2B889AC75E}.Release|Win32.ActiveCfg = Release|Win32
		{CADC41B4-8F50-41C7-9D31-3E2B889AC75E}.Release|Win32.Build.0 = Release|Win32
	EndGlobalSection
	GlobalSection(SolutionProperties) = preSolution
		HideSolutionNode = FALSE
	EndGlobalSection
EndGlobal
