
Microsoft Visual Studio Solution File, Format Version 10.00
# Visual C++ Express 2008
Project("{8BC9CEB8-8B4A-11D0-8D11-00A0C91BC942}") = "AlgoritmoDijkstra", "AlgoritmoDijkstra\AlgoritmoDijkstra.vcproj", "{24035F96-FA66-4773-8F08-15133E0F50BC}"
EndProject
Global
	GlobalSection(SolutionConfigurationPlatforms) = preSolution
		Debug|Win32 = Debug|Win32
		Release|Win32 = Release|Win32
	EndGlobalSection
	GlobalSection(ProjectConfigurationPlatforms) = postSolution
		{24035F96-FA66-4773-8F08-15133E0F50BC}.Debug|Win32.ActiveCfg = Debug|Win32
		{24035F96-FA66-4773-8F08-15133E0F50BC}.Debug|Win32.Build.0 = Debug|Win32
		{24035F96-FA66-4773-8F08-15133E0F50BC}.Release|Win32.ActiveCfg = Release|Win32
		{24035F96-FA66-4773-8F08-15133E0F50BC}.Release|Win32.Build.0 = Release|Win32
	EndGlobalSection
	GlobalSection(SolutionProperties) = preSolution
		HideSolutionNode = FALSE
	EndGlobalSection
EndGlobal
